
Microsoft Visual Studio Solution File, Format Version 12.00
# Visual Studio Version 17
VisualStudioVersion = 17.2.32630.192
MinimumVisualStudioVersion = 10.0.40219.1
Project("{FAE04EC0-301F-11D3-BF4B-00C04F79EFBC}") = "EnigmamethodX1", "EnigmamethodX1\EnigmamethodX1.csproj", "{BC272034-7C12-461F-8860-C95C76755211}"
EndProject
Global
	GlobalSection(SolutionConfigurationPlatforms) = preSolution
		Debug|Any CPU = Debug|Any CPU
		Release|Any CPU = Release|Any CPU
	EndGlobalSection
	GlobalSection(ProjectConfigurationPlatforms) = postSolution
		{BC272034-7C12-461F-8860-C95C76755211}.Debug|Any CPU.ActiveCfg = Debug|Any CPU
		{BC272034-7C12-461F-8860-C95C76755211}.Debug|Any CPU.Build.0 = Debug|Any CPU
		{BC272034-7C12-461F-8860-C95C76755211}.Release|Any CPU.ActiveCfg = Release|Any CPU
		{BC272034-7C12-461F-8860-C95C76755211}.Release|Any CPU.Build.0 = Release|Any CPU
	EndGlobalSection
	GlobalSection(SolutionProperties) = preSolution
		HideSolutionNode = FALSE
	EndGlobalSection
	GlobalSection(ExtensibilityGlobals) = postSolution
		SolutionGuid = {D92648C0-ACC3-41E3-A620-0805D5F48D05}
	EndGlobalSection
EndGlobal
